
Microsoft Visual Studio Solution File, Format Version 12.00
# Visual Studio Version 16
VisualStudioVersion = 16.0.33214.272
MinimumVisualStudioVersion = 10.0.40219.1
Project("{F184B08F-C81C-45F6-A57F-5ABD9991F28F}") = "palindrome", "palindrome.vbproj", "{141E2CD9-D317-4F93-90B1-317307B8A82C}"
EndProject
Global
	GlobalSection(SolutionConfigurationPlatforms) = preSolution
		Debug|Any CPU = Debug|Any CPU
		Release|Any CPU = Release|Any CPU
	EndGlobalSection
	GlobalSection(ProjectConfigurationPlatforms) = postSolution
		{141E2CD9-D317-4F93-90B1-317307B8A82C}.Debug|Any CPU.ActiveCfg = Debug|Any CPU
		{141E2CD9-D317-4F93-90B1-317307B8A82C}.Debug|Any CPU.Build.0 = Debug|Any CPU
		{141E2CD9-D317-4F93-90B1-317307B8A82C}.Release|Any CPU.ActiveCfg = Release|Any CPU
		{141E2CD9-D317-4F93-90B1-317307B8A82C}.Release|Any CPU.Build.0 = Release|Any CPU
	EndGlobalSection
	GlobalSection(SolutionProperties) = preSolution
		HideSolutionNode = FALSE
	EndGlobalSection
	GlobalSection(ExtensibilityGlobals) = postSolution
		SolutionGuid = {FDC62A37-BB78-4589-B069-DC7BD56E0A31}
	EndGlobalSection
EndGlobal
