
Microsoft Visual Studio Solution File, Format Version 12.00
# Visual Studio Version 16
VisualStudioVersion = 16.0.33214.272
MinimumVisualStudioVersion = 10.0.40219.1
Project("{F184B08F-C81C-45F6-A57F-5ABD9991F28F}") = "collegeAdmissions", "collegeAdmissions.vbproj", "{972F6D14-B92E-4CFF-A120-6FE94E0C913C}"
EndProject
Global
	GlobalSection(SolutionConfigurationPlatforms) = preSolution
		Debug|Any CPU = Debug|Any CPU
		Release|Any CPU = Release|Any CPU
	EndGlobalSection
	GlobalSection(ProjectConfigurationPlatforms) = postSolution
		{972F6D14-B92E-4CFF-A120-6FE94E0C913C}.Debug|Any CPU.ActiveCfg = Debug|Any CPU
		{972F6D14-B92E-4CFF-A120-6FE94E0C913C}.Debug|Any CPU.Build.0 = Debug|Any CPU
		{972F6D14-B92E-4CFF-A120-6FE94E0C913C}.Release|Any CPU.ActiveCfg = Release|Any CPU
		{972F6D14-B92E-4CFF-A120-6FE94E0C913C}.Release|Any CPU.Build.0 = Release|Any CPU
	EndGlobalSection
	GlobalSection(SolutionProperties) = preSolution
		HideSolutionNode = FALSE
	EndGlobalSection
	GlobalSection(ExtensibilityGlobals) = postSolution
		SolutionGuid = {BF4F7FAE-41B9-4A5F-97D7-95FE069A0182}
	EndGlobalSection
EndGlobal
