
Microsoft Visual Studio Solution File, Format Version 12.00
# Visual Studio Version 16
VisualStudioVersion = 16.0.33214.272
MinimumVisualStudioVersion = 10.0.40219.1
Project("{F184B08F-C81C-45F6-A57F-5ABD9991F28F}") = "depreciation", "depreciation.vbproj", "{CDC384A2-7FDC-455D-86A0-FF702804ED06}"
EndProject
Global
	GlobalSection(SolutionConfigurationPlatforms) = preSolution
		Debug|Any CPU = Debug|Any CPU
		Release|Any CPU = Release|Any CPU
	EndGlobalSection
	GlobalSection(ProjectConfigurationPlatforms) = postSolution
		{CDC384A2-7FDC-455D-86A0-FF702804ED06}.Debug|Any CPU.ActiveCfg = Debug|Any CPU
		{CDC384A2-7FDC-455D-86A0-FF702804ED06}.Debug|Any CPU.Build.0 = Debug|Any CPU
		{CDC384A2-7FDC-455D-86A0-FF702804ED06}.Release|Any CPU.ActiveCfg = Release|Any CPU
		{CDC384A2-7FDC-455D-86A0-FF702804ED06}.Release|Any CPU.Build.0 = Release|Any CPU
	EndGlobalSection
	GlobalSection(SolutionProperties) = preSolution
		HideSolutionNode = FALSE
	EndGlobalSection
	GlobalSection(ExtensibilityGlobals) = postSolution
		SolutionGuid = {D1900854-FD0A-4111-8ACB-B5422BFA86A0}
	EndGlobalSection
EndGlobal
