
Microsoft Visual Studio Solution File, Format Version 12.00
# Visual Studio Version 16
VisualStudioVersion = 16.0.33214.272
MinimumVisualStudioVersion = 10.0.40219.1
Project("{F184B08F-C81C-45F6-A57F-5ABD9991F28F}") = "curveGrades", "curveGrades.vbproj", "{177B2B1E-FB96-460E-A582-D3CCF01908ED}"
EndProject
Global
	GlobalSection(SolutionConfigurationPlatforms) = preSolution
		Debug|Any CPU = Debug|Any CPU
		Release|Any CPU = Release|Any CPU
	EndGlobalSection
	GlobalSection(ProjectConfigurationPlatforms) = postSolution
		{177B2B1E-FB96-460E-A582-D3CCF01908ED}.Debug|Any CPU.ActiveCfg = Debug|Any CPU
		{177B2B1E-FB96-460E-A582-D3CCF01908ED}.Debug|Any CPU.Build.0 = Debug|Any CPU
		{177B2B1E-FB96-460E-A582-D3CCF01908ED}.Release|Any CPU.ActiveCfg = Release|Any CPU
		{177B2B1E-FB96-460E-A582-D3CCF01908ED}.Release|Any CPU.Build.0 = Release|Any CPU
	EndGlobalSection
	GlobalSection(SolutionProperties) = preSolution
		HideSolutionNode = FALSE
	EndGlobalSection
	GlobalSection(ExtensibilityGlobals) = postSolution
		SolutionGuid = {36C2C073-5D61-4451-94DB-36E62247CE07}
	EndGlobalSection
EndGlobal
