
Microsoft Visual Studio Solution File, Format Version 12.00
# Visual Studio Version 16
VisualStudioVersion = 16.0.33214.272
MinimumVisualStudioVersion = 10.0.40219.1
Project("{FAE04EC0-301F-11D3-BF4B-00C04F79EFBC}") = "LibraryApp", "LibraryApp\LibraryApp.csproj", "{A18675A0-C13E-4FC3-B6B8-4C17856830EA}"
EndProject
Project("{FAE04EC0-301F-11D3-BF4B-00C04F79EFBC}") = "ClassLibrary1", "ClassLibrary1\ClassLibrary1.csproj", "{24365664-57B0-4B41-94ED-C59151670AB9}"
EndProject
Global
	GlobalSection(SolutionConfigurationPlatforms) = preSolution
		Debug|Any CPU = Debug|Any CPU
		Release|Any CPU = Release|Any CPU
	EndGlobalSection
	GlobalSection(ProjectConfigurationPlatforms) = postSolution
		{A18675A0-C13E-4FC3-B6B8-4C17856830EA}.Debug|Any CPU.ActiveCfg = Debug|Any CPU
		{A18675A0-C13E-4FC3-B6B8-4C17856830EA}.Debug|Any CPU.Build.0 = Debug|Any CPU
		{A18675A0-C13E-4FC3-B6B8-4C17856830EA}.Release|Any CPU.ActiveCfg = Release|Any CPU
		{A18675A0-C13E-4FC3-B6B8-4C17856830EA}.Release|Any CPU.Build.0 = Release|Any CPU
		{24365664-57B0-4B41-94ED-C59151670AB9}.Debug|Any CPU.ActiveCfg = Debug|Any CPU
		{24365664-57B0-4B41-94ED-C59151670AB9}.Debug|Any CPU.Build.0 = Debug|Any CPU
		{24365664-57B0-4B41-94ED-C59151670AB9}.Release|Any CPU.ActiveCfg = Release|Any CPU
		{24365664-57B0-4B41-94ED-C59151670AB9}.Release|Any CPU.Build.0 = Release|Any CPU
	EndGlobalSection
	GlobalSection(SolutionProperties) = preSolution
		HideSolutionNode = FALSE
	EndGlobalSection
	GlobalSection(ExtensibilityGlobals) = postSolution
		SolutionGuid = {DB35C9A4-2643-4C5B-BC82-3B93370508E0}
	EndGlobalSection
EndGlobal
