
Microsoft Visual Studio Solution File, Format Version 12.00
# Visual Studio Version 16
VisualStudioVersion = 16.0.33214.272
MinimumVisualStudioVersion = 10.0.40219.1
Project("{FAE04EC0-301F-11D3-BF4B-00C04F79EFBC}") = "divisibility", "divisibility.csproj", "{29633264-9267-435B-9DE5-BCA1B84B6002}"
EndProject
Global
	GlobalSection(SolutionConfigurationPlatforms) = preSolution
		Debug|Any CPU = Debug|Any CPU
		Release|Any CPU = Release|Any CPU
	EndGlobalSection
	GlobalSection(ProjectConfigurationPlatforms) = postSolution
		{29633264-9267-435B-9DE5-BCA1B84B6002}.Debug|Any CPU.ActiveCfg = Debug|Any CPU
		{29633264-9267-435B-9DE5-BCA1B84B6002}.Debug|Any CPU.Build.0 = Debug|Any CPU
		{29633264-9267-435B-9DE5-BCA1B84B6002}.Release|Any CPU.ActiveCfg = Release|Any CPU
		{29633264-9267-435B-9DE5-BCA1B84B6002}.Release|Any CPU.Build.0 = Release|Any CPU
	EndGlobalSection
	GlobalSection(SolutionProperties) = preSolution
		HideSolutionNode = FALSE
	EndGlobalSection
	GlobalSection(ExtensibilityGlobals) = postSolution
		SolutionGuid = {0AFCE612-6D31-4273-9893-D1DB5F7146FD}
	EndGlobalSection
EndGlobal
