
Microsoft Visual Studio Solution File, Format Version 12.00
# Visual Studio Version 16
VisualStudioVersion = 16.0.33214.272
MinimumVisualStudioVersion = 10.0.40219.1
Project("{F184B08F-C81C-45F6-A57F-5ABD9991F28F}") = "unitConversion", "unitConversion.vbproj", "{F66EA284-4398-4457-80F0-44CDC6C06AEC}"
EndProject
Global
	GlobalSection(SolutionConfigurationPlatforms) = preSolution
		Debug|Any CPU = Debug|Any CPU
		Release|Any CPU = Release|Any CPU
	EndGlobalSection
	GlobalSection(ProjectConfigurationPlatforms) = postSolution
		{F66EA284-4398-4457-80F0-44CDC6C06AEC}.Debug|Any CPU.ActiveCfg = Debug|Any CPU
		{F66EA284-4398-4457-80F0-44CDC6C06AEC}.Debug|Any CPU.Build.0 = Debug|Any CPU
		{F66EA284-4398-4457-80F0-44CDC6C06AEC}.Release|Any CPU.ActiveCfg = Release|Any CPU
		{F66EA284-4398-4457-80F0-44CDC6C06AEC}.Release|Any CPU.Build.0 = Release|Any CPU
	EndGlobalSection
	GlobalSection(SolutionProperties) = preSolution
		HideSolutionNode = FALSE
	EndGlobalSection
	GlobalSection(ExtensibilityGlobals) = postSolution
		SolutionGuid = {58FFCE23-1CDF-41C3-AF47-BC92C0AB3D03}
	EndGlobalSection
EndGlobal
