
Microsoft Visual Studio Solution File, Format Version 12.00
# Visual Studio Version 16
VisualStudioVersion = 16.0.33214.272
MinimumVisualStudioVersion = 10.0.40219.1
Project("{FAE04EC0-301F-11D3-BF4B-00C04F79EFBC}") = "ATM_PIN_Validation", "ATM_PIN_Validation\ATM_PIN_Validation.csproj", "{FAB686BE-85F5-4212-AB0D-F8B82EC607EB}"
EndProject
Global
	GlobalSection(SolutionConfigurationPlatforms) = preSolution
		Debug|Any CPU = Debug|Any CPU
		Release|Any CPU = Release|Any CPU
	EndGlobalSection
	GlobalSection(ProjectConfigurationPlatforms) = postSolution
		{FAB686BE-85F5-4212-AB0D-F8B82EC607EB}.Debug|Any CPU.ActiveCfg = Debug|Any CPU
		{FAB686BE-85F5-4212-AB0D-F8B82EC607EB}.Debug|Any CPU.Build.0 = Debug|Any CPU
		{FAB686BE-85F5-4212-AB0D-F8B82EC607EB}.Release|Any CPU.ActiveCfg = Release|Any CPU
		{FAB686BE-85F5-4212-AB0D-F8B82EC607EB}.Release|Any CPU.Build.0 = Release|Any CPU
	EndGlobalSection
	GlobalSection(SolutionProperties) = preSolution
		HideSolutionNode = FALSE
	EndGlobalSection
	GlobalSection(ExtensibilityGlobals) = postSolution
		SolutionGuid = {4F6426AB-777C-4319-A658-7BFCAE2AE626}
	EndGlobalSection
EndGlobal
