
Microsoft Visual Studio Solution File, Format Version 12.00
# Visual Studio Version 16
VisualStudioVersion = 16.0.33214.272
MinimumVisualStudioVersion = 10.0.40219.1
Project("{00D1A9C2-B5F0-4AF3-8072-F6C62B433612}") = "StoredProcedureUnpacked", "StoredProcedureUnpacked\StoredProcedureUnpacked.sqlproj", "{079ACE65-FA94-4C56-81D1-D1A1A02D066B}"
EndProject
Global
	GlobalSection(SolutionConfigurationPlatforms) = preSolution
		Debug|Any CPU = Debug|Any CPU
		Release|Any CPU = Release|Any CPU
	EndGlobalSection
	GlobalSection(ProjectConfigurationPlatforms) = postSolution
		{079ACE65-FA94-4C56-81D1-D1A1A02D066B}.Debug|Any CPU.ActiveCfg = Debug|Any CPU
		{079ACE65-FA94-4C56-81D1-D1A1A02D066B}.Debug|Any CPU.Build.0 = Debug|Any CPU
		{079ACE65-FA94-4C56-81D1-D1A1A02D066B}.Debug|Any CPU.Deploy.0 = Debug|Any CPU
		{079ACE65-FA94-4C56-81D1-D1A1A02D066B}.Release|Any CPU.ActiveCfg = Release|Any CPU
		{079ACE65-FA94-4C56-81D1-D1A1A02D066B}.Release|Any CPU.Build.0 = Release|Any CPU
		{079ACE65-FA94-4C56-81D1-D1A1A02D066B}.Release|Any CPU.Deploy.0 = Release|Any CPU
	EndGlobalSection
	GlobalSection(SolutionProperties) = preSolution
		HideSolutionNode = FALSE
	EndGlobalSection
	GlobalSection(ExtensibilityGlobals) = postSolution
		SolutionGuid = {01007358-E6FE-4389-BBD3-DB946F4CBB8B}
	EndGlobalSection
EndGlobal
