
Microsoft Visual Studio Solution File, Format Version 12.00
# Visual Studio Version 16
VisualStudioVersion = 16.0.33214.272
MinimumVisualStudioVersion = 10.0.40219.1
Project("{FAE04EC0-301F-11D3-BF4B-00C04F79EFBC}") = "HeightConvert", "HeightConvert.csproj", "{B1CEBC52-47BA-4285-86E1-7FC6A05FC254}"
EndProject
Global
	GlobalSection(SolutionConfigurationPlatforms) = preSolution
		Debug|Any CPU = Debug|Any CPU
		Release|Any CPU = Release|Any CPU
	EndGlobalSection
	GlobalSection(ProjectConfigurationPlatforms) = postSolution
		{B1CEBC52-47BA-4285-86E1-7FC6A05FC254}.Debug|Any CPU.ActiveCfg = Debug|Any CPU
		{B1CEBC52-47BA-4285-86E1-7FC6A05FC254}.Debug|Any CPU.Build.0 = Debug|Any CPU
		{B1CEBC52-47BA-4285-86E1-7FC6A05FC254}.Release|Any CPU.ActiveCfg = Release|Any CPU
		{B1CEBC52-47BA-4285-86E1-7FC6A05FC254}.Release|Any CPU.Build.0 = Release|Any CPU
	EndGlobalSection
	GlobalSection(SolutionProperties) = preSolution
		HideSolutionNode = FALSE
	EndGlobalSection
	GlobalSection(ExtensibilityGlobals) = postSolution
		SolutionGuid = {5304D775-F228-4DC3-8603-C3F0B7DA2C85}
	EndGlobalSection
EndGlobal
